// !$*UTF8*$!
{
	archiveVersion = 1;
	classes = {
	};
	objectVersion = 50;
	objects = {

/* Begin PBXBuildFile section */
		979199C426B35309006717DD /* AppDelegate.swift in Sources */ = {isa = PBXBuildFile; fileRef = 979199C326B35309006717DD /* AppDelegate.swift */; };
		979199C626B35309006717DD /* SceneDelegate.swift in Sources */ = {isa = PBXBuildFile; fileRef = 979199C526B35309006717DD /* SceneDelegate.swift */; };
		979199C826B35309006717DD /* ViewController.swift in Sources */ = {isa = PBXBuildFile; fileRef = 979199C726B35309006717DD /* ViewController.swift */; };
		979199CB26B35309006717DD /* Main.storyboard in Resources */ = {isa = PBXBuildFile; fileRef = 979199C926B35309006717DD /* Main.storyboard */; };
		979199CE26B35309006717DD /* ImmigrationStation.xcdatamodeld in Sources */ = {isa = PBXBuildFile; fileRef = 979199CC26B35309006717DD /* ImmigrationStation.xcdatamodeld */; };
		979199D026B3530A006717DD /* Assets.xcassets in Resources */ = {isa = PBXBuildFile; fileRef = 979199CF26B3530A006717DD /* Assets.xcassets */; };
		979199D326B3530A006717DD /* LaunchScreen.storyboard in Resources */ = {isa = PBXBuildFile; fileRef = 979199D126B3530A006717DD /* LaunchScreen.storyboard */; };
/* End PBXBuildFile section */

/* Begin PBXFileReference section */
		979199C026B35309006717DD /* ImmigrationStation.app */ = {isa = PBXFileReference; explicitFileType = wrapper.application; includeInIndex = 0; path = ImmigrationStation.app; sourceTree = BUILT_PRODUCTS_DIR; };
		979199C326B35309006717DD /* AppDelegate.swift */ = {isa = PBXFileReference; lastKnownFileType = sourcecode.swift; path = AppDelegate.swift; sourceTree = "<group>"; };
		979199C526B35309006717DD /* SceneDelegate.swift */ = {isa = PBXFileReference; lastKnownFileType = sourcecode.swift; path = SceneDelegate.swift; sourceTree = "<group>"; };
		979199C726B35309006717DD /* ViewController.swift */ = {isa = PBXFileReference; lastKnownFileType = sourcecode.swift; path = ViewController.swift; sourceTree = "<group>"; };
		979199CA26B35309006717DD /* Base */ = {isa = PBXFileReference; lastKnownFileType = file.storyboard; name = Base; path = Base.lproj/Main.storyboard; sourceTree = "<group>"; };
		979199CD26B35309006717DD /* ImmigrationStation.xcdatamodel */ = {isa = PBXFileReference; lastKnownFileType = wrapper.xcdatamodel; path = ImmigrationStation.xcdatamodel; sourceTree = "<group>"; };
		979199CF26B3530A006717DD /* Assets.xcassets */ = {isa = PBXFileReference; lastKnownFileType = folder.assetcatalog; path = Assets.xcassets; sourceTree = "<group>"; };
		979199D226B3530A006717DD /* Base */ = {isa = PBXFileReference; lastKnownFileType = file.storyboard; name = Base; path = Base.lproj/LaunchScreen.storyboard; sourceTree = "<group>"; };
		979199D426B3530A006717DD /* Info.plist */ = {isa = PBXFileReference; lastKnownFileType = text.plist.xml; path = Info.plist; sourceTree = "<group>"; };
/* End PBXFileReference section */

/* Begin PBXFrameworksBuildPhase section */
		979199BD26B35309006717DD /* Frameworks */ = {
			isa = PBXFrameworksBuildPhase;
			buildActionMask = 2147483647;
			files = (
			);
			runOnlyForDeploymentPostprocessing = 0;
		};
/* End PBXFrameworksBuildPhase section */

/* Begin PBXGroup section */
		979199B726B35309006717DD = {
			isa = PBXGroup;
			children = (
				979199C226B35309006717DD /* ImmigrationStation */,
				979199C126B35309006717DD /* Products */,
			);
			sourceTree = "<group>";
		};
		979199C126B35309006717DD /* Products */ = {
			isa = PBXGroup;
			children = (
				979199C026B35309006717DD /* ImmigrationStation.app */,
			);
			name = Products;
			sourceTree = "<group>";
		};
		979199C226B35309006717DD /* ImmigrationStation */ = {
			isa = PBXGroup;
			children = (
				979199C326B35309006717DD /* AppDelegate.swift */,
				979199C526B35309006717DD /* SceneDelegate.swift */,
				979199C726B35309006717DD /* ViewController.swift */,
				979199C926B35309006717DD /* Main.storyboard */,
				979199CF26B3530A006717DD /* Assets.xcassets */,
				979199D126B3530A006717DD /* LaunchScreen.storyboard */,
				979199D426B3530A006717DD /* Info.plist */,
				979199CC26B35309006717DD /* ImmigrationStation.xcdatamodeld */,
			);
			path = ImmigrationStation;
			sourceTree = "<group>";
		};
/* End PBXGroup section */

/* Begin PBXNativeTarget section */
		979199BF26B35309006717DD /* ImmigrationStation */ = {
			isa = PBXNativeTarget;
			buildConfigurationList = 979199D726B3530A006717DD /* Build configuration list for PBXNativeTarget "ImmigrationStation" */;
			buildPhases = (
				979199BC26B35309006717DD /* Sources */,
				979199BD26B35309006717DD /* Frameworks */,
				979199BE26B35309006717DD /* Resources */,
			);
			buildRules = (
			);
			dependencies = (
			);
			name = ImmigrationStation;
			productName = ImmigrationStation;
			productReference = 979199C026B35309006717DD /* ImmigrationStation.app */;
			productType = "com.apple.product-type.application";
		};
/* End PBXNativeTarget section */

/* Begin PBXProject section */
		979199B826B35309006717DD /* Project object */ = {
			isa = PBXProject;
			attributes = {
				LastSwiftUpdateCheck = 1250;
				LastUpgradeCheck = 1250;
				TargetAttributes = {
					979199BF26B35309006717DD = {
						CreatedOnToolsVersion = 12.5.1;
					};
				};
			};
			buildConfigurationList = 979199BB26B35309006717DD /* Build configuration list for PBXProject "ImmigrationStation" */;
			compatibilityVersion = "Xcode 9.3";
			developmentRegion = en;
			hasScannedForEncodings = 0;
			knownRegions = (
				en,
				Base,
			);
			mainGroup = 979199B726B35309006717DD;
			productRefGroup = 979199C126B35309006717DD /* Products */;
			projectDirPath = "";
			projectRoot = "";
			targets = (
				979199BF26B35309006717DD /* ImmigrationStation */,
			);
		};
/* End PBXProject section */

/* Begin PBXResourcesBuildPhase section */
		979199BE26B35309006717DD /* Resources */ = {
			isa = PBXResourcesBuildPhase;
			buildActionMask = 2147483647;
			files = (
				979199D326B3530A006717DD /* LaunchScreen.storyboard in Resources */,
				979199D026B3530A006717DD /* Assets.xcassets in Resources */,
				979199CB26B35309006717DD /* Main.storyboard in Resources */,
			);
			runOnlyForDeploymentPostprocessing = 0;
		};
/* End PBXResourcesBuildPhase section */

/* Begin PBXSourcesBuildPhase section */
		979199BC26B35309006717DD /* Sources */ = {
			isa = PBXSourcesBuildPhase;
			buildActionMask = 2147483647;
			files = (
				979199C826B35309006717DD /* ViewController.swift in Sources */,
				979199CE26B35309006717DD /* ImmigrationStation.xcdatamodeld in Sources */,
				979199C426B35309006717DD /* AppDelegate.swift in Sources */,
				979199C626B35309006717DD /* SceneDelegate.swift in Sources */,
			);
			runOnlyForDeploymentPostprocessing = 0;
		};
/* End PBXSourcesBuildPhase section */

/* Begin PBXVariantGroup section */
		979199C926B35309006717DD /* Main.storyboard */ = {
			isa = PBXVariantGroup;
			children = (
				979199CA26B35309006717DD /* Base */,
			);
			name = Main.storyboard;
			sourceTree = "<group>";
		};
		979199D126B3530A006717DD /* LaunchScreen.storyboard */ = {
			isa = PBXVariantGroup;
			children = (
				979199D226B3530A006717DD /* Base */,
			);
			name = LaunchScreen.storyboard;
			sourceTree = "<group>";
		};
/* End PBXVariantGroup section */

/* Begin XCBuildConfiguration section */
		979199D526B3530A006717DD /* Debug */ = {
			isa = XCBuildConfiguration;
			buildSettings = {
				ALWAYS_SEARCH_USER_PATHS = NO;
				CLANG_ANALYZER_NONNULL = YES;
				CLANG_ANALYZER_NUMBER_OBJECT_CONVERSION = YES_AGGRESSIVE;
				CLANG_CXX_LANGUAGE_STANDARD = "gnu++14";
				CLANG_CXX_LIBRARY = "libc++";
				CLANG_ENABLE_MODULES = YES;
				CLANG_ENABLE_OBJC_ARC = YES;
				CLANG_ENABLE_OBJC_WEAK = YES;
				CLANG_WARN_BLOCK_CAPTURE_AUTORELEASING = YES;
				CLANG_WARN_BOOL_CONVERSION = YES;
				CLANG_WARN_COMMA = YES;
				CLANG_WARN_CONSTANT_CONVERSION = YES;
				CLANG_WARN_DEPRECATED_OBJC_IMPLEMENTATIONS = YES;
				CLANG_WARN_DIRECT_OBJC_ISA_USAGE = YES_ERROR;
				CLANG_WARN_DOCUMENTATION_COMMENTS = YES;
				CLANG_WARN_EMPTY_BODY = YES;
				CLANG_WARN_ENUM_CONVERSION = YES;
				CLANG_WARN_INFINITE_RECURSION = YES;
				CLANG_WARN_INT_CONVERSION = YES;
				CLANG_WARN_NON_LITERAL_NULL_CONVERSION = YES;
				CLANG_WARN_OBJC_IMPLICIT_RETAIN_SELF = YES;
				CLANG_WARN_OBJC_LITERAL_CONVERSION = YES;
				CLANG_WARN_OBJC_ROOT_CLASS = YES_ERROR;
				CLANG_WARN_QUOTED_INCLUDE_IN_FRAMEWORK_HEADER = YES;
				CLANG_WARN_RANGE_LOOP_ANALYSIS = YES;
				CLANG_WARN_STRICT_PROTOTYPES = YES;
				CLANG_WARN_SUSPICIOUS_MOVE = YES;
				CLANG_WARN_UNGUARDED_AVAILABILITY = YES_AGGRESSIVE;
				CLANG_WARN_UNREACHABLE_CODE = YES;
				CLANG_WARN__DUPLICATE_METHOD_MATCH = YES;
				COPY_PHASE_STRIP = NO;
				DEBUG_INFORMATION_FORMAT = dwarf;
				ENABLE_STRICT_OBJC_MSGSEND = YES;
				ENABLE_TESTABILITY = YES;
				GCC_C_LANGUAGE_STANDARD = gnu11;
				GCC_DYNAMIC_NO_PIC = NO;
				GCC_NO_COMMON_BLOCKS = YES;
				GCC_OPTIMIZATION_LEVEL = 0;
				GCC_PREPROCESSOR_DEFINITIONS = (
					"DEBUG=1",
					"$(inherited)",
				);
				GCC_WARN_64_TO_32_BIT_CONVERSION = YES;
				GCC_WARN_ABOUT_RETURN_TYPE = YES_ERROR;
				GCC_WARN_UNDECLARED_SELECTOR = YES;
				GCC_WARN_UNINITIALIZED_AUTOS = YES_AGGRESSIVE;
				GCC_WARN_UNUSED_FUNCTION = YES;
				GCC_WARN_UNUSED_VARIABLE = YES;
				IPHONEOS_DEPLOYMENT_TARGET = 14.5;
				MTL_ENABLE_DEBUG_INFO = INCLUDE_SOURCE;
				MTL_FAST_MATH = YES;
				ONLY_ACTIVE_ARCH = YES;
				SDKROOT = iphoneos;
				SWIFT_ACTIVE_COMPILATION_CONDITIONS = DEBUG;
				SWIFT_OPTIMIZATION_LEVEL = "-Onone";
			};
			name = Debug;
		};
		979199D626B3530A006717DD /* Release */ = {
			isa = XCBuildConfiguration;
			buildSettings = {
				ALWAYS_SEARCH_USER_PATHS = NO;
				CLANG_ANALYZER_NONNULL = YES;
				CLANG_ANALYZER_NUMBER_OBJECT_CONVERSION = YES_AGGRESSIVE;
				CLANG_CXX_LANGUAGE_STANDARD = "gnu++14";
				CLANG_CXX_LIBRARY = "libc++";
				CLANG_ENABLE_MODULES = YES;
				CLANG_ENABLE_OBJC_ARC = YES;
				CLANG_ENABLE_OBJC_WEAK = YES;
				CLANG_WARN_BLOCK_CAPTURE_AUTORELEASING = YES;
				CLANG_WARN_BOOL_CONVERSION = YES;
				CLANG_WARN_COMMA = YES;
				CLANG_WARN_CONSTANT_CONVERSION = YES;
				CLANG_WARN_DEPRECATED_OBJC_IMPLEMENTATIONS = YES;
				CLANG_WARN_DIRECT_OBJC_ISA_USAGE = YES_ERROR;
				CLANG_WARN_DOCUMENTATION_COMMENTS = YES;
				CLANG_WARN_EMPTY_BODY = YES;
				CLANG_WARN_ENUM_CONVERSION = YES;
				CLANG_WARN_INFINITE_RECURSION = YES;
				CLANG_WARN_INT_CONVERSION = YES;
				CLANG_WARN_NON_LITERAL_NULL_CONVERSION = YES;
				CLANG_WARN_OBJC_IMPLICIT_RETAIN_SELF = YES;
				CLANG_WARN_OBJC_LITERAL_CONVERSION = YES;
				CLANG_WARN_OBJC_ROOT_CLASS = YES_ERROR;
				CLANG_WARN_QUOTED_INCLUDE_IN_FRAMEWORK_HEADER = YES;
				CLANG_WARN_RANGE_LOOP_ANALYSIS = YES;
				CLANG_WARN_STRICT_PROTOTYPES = YES;
				CLANG_WARN_SUSPICIOUS_MOVE = YES;
				CLANG_WARN_UNGUARDED_AVAILABILITY = YES_AGGRESSIVE;
				CLANG_WARN_UNREACHABLE_CODE = YES;
				CLANG_WARN__DUPLICATE_METHOD_MATCH = YES;
				COPY_PHASE_STRIP = NO;
				DEBUG_INFORMATION_FORMAT = "dwarf-with-dsym";
				ENABLE_NS_ASSERTIONS = NO;
				ENABLE_STRICT_OBJC_MSGSEND = YES;
				GCC_C_LANGUAGE_STANDARD = gnu11;
				GCC_NO_COMMON_BLOCKS = YES;
				GCC_WARN_64_TO_32_BIT_CONVERSION = YES;
				GCC_WARN_ABOUT_RETURN_TYPE = YES_ERROR;
				GCC_WARN_UNDECLARED_SELECTOR = YES;
				GCC_WARN_UNINITIALIZED_AUTOS = YES_AGGRESSIVE;
				GCC_WARN_UNUSED_FUNCTION = YES;
				GCC_WARN_UNUSED_VARIABLE = YES;
				IPHONEOS_DEPLOYMENT_TARGET = 14.5;
				MTL_ENABLE_DEBUG_INFO = NO;
				MTL_FAST_MATH = YES;
				SDKROOT = iphoneos;
				SWIFT_COMPILATION_MODE = wholemodule;
				SWIFT_OPTIMIZATION_LEVEL = "-O";
				VALIDATE_PRODUCT = YES;
			};
			name = Release;
		};
		979199D826B3530A006717DD /* Debug */ = {
			isa = XCBuildConfiguration;
			buildSettings = {
				ASSETCATALOG_COMPILER_APPICON_NAME = AppIcon;
				ASSETCATALOG_COMPILER_GLOBAL_ACCENT_COLOR_NAME = AccentColor;
				CODE_SIGN_STYLE = Automatic;
				DEVELOPMENT_TEAM = VXU7XP6WX7;
				INFOPLIST_FILE = ImmigrationStation/Info.plist;
				LD_RUNPATH_SEARCH_PATHS = (
					"$(inherited)",
					"@executable_path/Frameworks",
				);
				PRODUCT_BUNDLE_IDENTIFIER = com.ImmigrationStation;
				PRODUCT_NAME = "$(TARGET_NAME)";
				SWIFT_VERSION = 5.0;
				TARGETED_DEVICE_FAMILY = "1,2";
			};
			name = Debug;
		};
		979199D926B3530A006717DD /* Release */ = {
			isa = XCBuildConfiguration;
			buildSettings = {
				ASSETCATALOG_COMPILER_APPICON_NAME = AppIcon;
				ASSETCATALOG_COMPILER_GLOBAL_ACCENT_COLOR_NAME = AccentColor;
				CODE_SIGN_STYLE = Automatic;
				DEVELOPMENT_TEAM = VXU7XP6WX7;
				INFOPLIST_FILE = ImmigrationStation/Info.plist;
				LD_RUNPATH_SEARCH_PATHS = (
					"$(inherited)",
					"@executable_path/Frameworks",
				);
				PRODUCT_BUNDLE_IDENTIFIER = com.ImmigrationStation;
				PRODUCT_NAME = "$(TARGET_NAME)";
				SWIFT_VERSION = 5.0;
				TARGETED_DEVICE_FAMILY = "1,2";
			};
			name = Release;
		};
/* End XCBuildConfiguration section */

/* Begin XCConfigurationList section */
		979199BB26B35309006717DD /* Build configuration list for PBXProject "ImmigrationStation" */ = {
			isa = XCConfigurationList;
			buildConfigurations = (
				979199D526B3530A006717DD /* Debug */,
				979199D626B3530A006717DD /* Release */,
			);
			defaultConfigurationIsVisible = 0;
			defaultConfigurationName = Release;
		};
		979199D726B3530A006717DD /* Build configuration list for PBXNativeTarget "ImmigrationStation" */ = {
			isa = XCConfigurationList;
			buildConfigurations = (
				979199D826B3530A006717DD /* Debug */,
				979199D926B3530A006717DD /* Release */,
			);
			defaultConfigurationIsVisible = 0;
			defaultConfigurationName = Release;
		};
/* End XCConfigurationList section */

/* Begin XCVersionGroup section */
		979199CC26B35309006717DD /* ImmigrationStation.xcdatamodeld */ = {
			isa = XCVersionGroup;
			children = (
				979199CD26B35309006717DD /* ImmigrationStation.xcdatamodel */,
			);
			currentVersion = 979199CD26B35309006717DD /* ImmigrationStation.xcdatamodel */;
			path = ImmigrationStation.xcdatamodeld;
			sourceTree = "<group>";
			versionGroupType = wrapper.xcdatamodel;
		};
/* End XCVersionGroup section */
	};
	rootObject = 979199B826B35309006717DD /* Project object */;
}
